
Microsoft Visual Studio Solution File, Format Version 12.00
# Visual Studio Version 16
VisualStudioVersion = 16.0.30114.105
MinimumVisualStudioVersion = 10.0.40219.1
Project("{FAE04EC0-301F-11D3-BF4B-00C04F79EFBC}") = "GUI", "Demo\GUI.csproj", "{0666B2C3-0EF8-4925-B1AF-B42D52C2C7D1}"
EndProject
Project("{FAE04EC0-301F-11D3-BF4B-00C04F79EFBC}") = "BUS", "BUS\BUS.csproj", "{B9F35C7D-C73A-43D7-AEE9-19F92D4298AA}"
EndProject
Project("{FAE04EC0-301F-11D3-BF4B-00C04F79EFBC}") = "DAO", "DAO\DAO.csproj", "{43CC4B11-A5B9-428B-B30D-1E58CA59B977}"
EndProject
Global
	GlobalSection(SolutionConfigurationPlatforms) = preSolution
		Debug|Any CPU = Debug|Any CPU
		Release|Any CPU = Release|Any CPU
	EndGlobalSection
	GlobalSection(ProjectConfigurationPlatforms) = postSolution
		{0666B2C3-0EF8-4925-B1AF-B42D52C2C7D1}.Debug|Any CPU.ActiveCfg = Debug|Any CPU
		{0666B2C3-0EF8-4925-B1AF-B42D52C2C7D1}.Debug|Any CPU.Build.0 = Debug|Any CPU
		{0666B2C3-0EF8-4925-B1AF-B42D52C2C7D1}.Release|Any CPU.ActiveCfg = Release|Any CPU
		{0666B2C3-0EF8-4925-B1AF-B42D52C2C7D1}.Release|Any CPU.Build.0 = Release|Any CPU
		{B9F35C7D-C73A-43D7-AEE9-19F92D4298AA}.Debug|Any CPU.ActiveCfg = Debug|Any CPU
		{B9F35C7D-C73A-43D7-AEE9-19F92D4298AA}.Debug|Any CPU.Build.0 = Debug|Any CPU
		{B9F35C7D-C73A-43D7-AEE9-19F92D4298AA}.Release|Any CPU.ActiveCfg = Release|Any CPU
		{B9F35C7D-C73A-43D7-AEE9-19F92D4298AA}.Release|Any CPU.Build.0 = Release|Any CPU
		{43CC4B11-A5B9-428B-B30D-1E58CA59B977}.Debug|Any CPU.ActiveCfg = Debug|Any CPU
		{43CC4B11-A5B9-428B-B30D-1E58CA59B977}.Debug|Any CPU.Build.0 = Debug|Any CPU
		{43CC4B11-A5B9-428B-B30D-1E58CA59B977}.Release|Any CPU.ActiveCfg = Release|Any CPU
		{43CC4B11-A5B9-428B-B30D-1E58CA59B977}.Release|Any CPU.Build.0 = Release|Any CPU
	EndGlobalSection
	GlobalSection(SolutionProperties) = preSolution
		HideSolutionNode = FALSE
	EndGlobalSection
	GlobalSection(ExtensibilityGlobals) = postSolution
		SolutionGuid = {966BAD38-C639-4B4D-9957-162D8677649C}
	EndGlobalSection
EndGlobal
